// !$*UTF8*$!
{
	archiveVersion = 1;
	classes = {
	};
	objectVersion = 50;
	objects = {

/* Begin PBXBuildFile section */
		7B19F82D2183D61C00FD76EF /* HUDTableCellView.swift in Sources */ = {isa = PBXBuildFile; fileRef = 7B19F82B2183D61C00FD76EF /* HUDTableCellView.swift */; };
		7B6BCF902183BDA5001417BC /* LRUCache.swift in Sources */ = {isa = PBXBuildFile; fileRef = 7B6BCF8F2183BDA5001417BC /* LRUCache.swift */; };
		7B99C434216F21310025D6ED /* AppDelegate.swift in Sources */ = {isa = PBXBuildFile; fileRef = 7B99C433216F21310025D6ED /* AppDelegate.swift */; };
		7B99C43B216F21340025D6ED /* Main.storyboard in Resources */ = {isa = PBXBuildFile; fileRef = 7B99C439216F21340025D6ED /* Main.storyboard */; };
		7B99C447216F21340025D6ED /* PassHUDTests.swift in Sources */ = {isa = PBXBuildFile; fileRef = 7B99C446216F21340025D6ED /* PassHUDTests.swift */; };
		7B99C452216F21340025D6ED /* PaddHUDUITests.swift in Sources */ = {isa = PBXBuildFile; fileRef = 7B99C451216F21340025D6ED /* PaddHUDUITests.swift */; };
		7B99C463216F23AF0025D6ED /* Assets.xcassets in Resources */ = {isa = PBXBuildFile; fileRef = 7B99C462216F23AF0025D6ED /* Assets.xcassets */; };
		7B99C46F216F2EEA0025D6ED /* HUDViewController.swift in Sources */ = {isa = PBXBuildFile; fileRef = 7B99C46E216F2EEA0025D6ED /* HUDViewController.swift */; };
		7B99C471216F3C0A0025D6ED /* CommandOutputStreamer.swift in Sources */ = {isa = PBXBuildFile; fileRef = 7B99C470216F3C0A0025D6ED /* CommandOutputStreamer.swift */; };
		7B99C47321712A8D0025D6ED /* HUDView.swift in Sources */ = {isa = PBXBuildFile; fileRef = 7B99C47221712A8D0025D6ED /* HUDView.swift */; };
		7B99C47921713C940025D6ED /* HUDSearchField.swift in Sources */ = {isa = PBXBuildFile; fileRef = 7B99C47821713C940025D6ED /* HUDSearchField.swift */; };
		7B99C47B21713E850025D6ED /* HUDTableView.swift in Sources */ = {isa = PBXBuildFile; fileRef = 7B99C47A21713E850025D6ED /* HUDTableView.swift */; };
		7B99C47D2171458E0025D6ED /* HUDWindow.swift in Sources */ = {isa = PBXBuildFile; fileRef = 7B99C47C2171458E0025D6ED /* HUDWindow.swift */; };
		7B99C47F217157EF0025D6ED /* HotKey.swift in Sources */ = {isa = PBXBuildFile; fileRef = 7B99C47E217157EF0025D6ED /* HotKey.swift */; };
/* End PBXBuildFile section */

/* Begin PBXContainerItemProxy section */
		7B99C443216F21340025D6ED /* PBXContainerItemProxy */ = {
			isa = PBXContainerItemProxy;
			containerPortal = 7B99C428216F21310025D6ED /* Project object */;
			proxyType = 1;
			remoteGlobalIDString = 7B99C42F216F21310025D6ED;
			remoteInfo = PassHUD;
		};
		7B99C44E216F21340025D6ED /* PBXContainerItemProxy */ = {
			isa = PBXContainerItemProxy;
			containerPortal = 7B99C428216F21310025D6ED /* Project object */;
			proxyType = 1;
			remoteGlobalIDString = 7B99C42F216F21310025D6ED;
			remoteInfo = PassHUD;
		};
/* End PBXContainerItemProxy section */

/* Begin PBXFileReference section */
		7B19F82B2183D61C00FD76EF /* HUDTableCellView.swift */ = {isa = PBXFileReference; fileEncoding = 4; lastKnownFileType = sourcecode.swift; path = HUDTableCellView.swift; sourceTree = "<group>"; };
		7B6BCF8F2183BDA5001417BC /* LRUCache.swift */ = {isa = PBXFileReference; lastKnownFileType = sourcecode.swift; path = LRUCache.swift; sourceTree = "<group>"; };
		7B99C430216F21310025D6ED /* PassHUD.app */ = {isa = PBXFileReference; explicitFileType = wrapper.application; includeInIndex = 0; path = PassHUD.app; sourceTree = BUILT_PRODUCTS_DIR; };
		7B99C433216F21310025D6ED /* AppDelegate.swift */ = {isa = PBXFileReference; lastKnownFileType = sourcecode.swift; path = AppDelegate.swift; sourceTree = "<group>"; };
		7B99C43A216F21340025D6ED /* Base */ = {isa = PBXFileReference; lastKnownFileType = file.storyboard; name = Base; path = Base.lproj/Main.storyboard; sourceTree = "<group>"; };
		7B99C43C216F21340025D6ED /* Info.plist */ = {isa = PBXFileReference; lastKnownFileType = text.plist.xml; path = Info.plist; sourceTree = "<group>"; };
		7B99C43D216F21340025D6ED /* PassHUD.entitlements */ = {isa = PBXFileReference; lastKnownFileType = text.plist.entitlements; path = PassHUD.entitlements; sourceTree = "<group>"; };
		7B99C442216F21340025D6ED /* PassHUDTests.xctest */ = {isa = PBXFileReference; explicitFileType = wrapper.cfbundle; includeInIndex = 0; path = PassHUDTests.xctest; sourceTree = BUILT_PRODUCTS_DIR; };
		7B99C446216F21340025D6ED /* PassHUDTests.swift */ = {isa = PBXFileReference; lastKnownFileType = sourcecode.swift; path = PassHUDTests.swift; sourceTree = "<group>"; };
		7B99C448216F21340025D6ED /* Info.plist */ = {isa = PBXFileReference; lastKnownFileType = text.plist.xml; path = Info.plist; sourceTree = "<group>"; };
		7B99C44D216F21340025D6ED /* PassHUDUITests.xctest */ = {isa = PBXFileReference; explicitFileType = wrapper.cfbundle; includeInIndex = 0; path = PassHUDUITests.xctest; sourceTree = BUILT_PRODUCTS_DIR; };
		7B99C451216F21340025D6ED /* PaddHUDUITests.swift */ = {isa = PBXFileReference; lastKnownFileType = sourcecode.swift; path = PaddHUDUITests.swift; sourceTree = "<group>"; };
		7B99C453216F21340025D6ED /* Info.plist */ = {isa = PBXFileReference; lastKnownFileType = text.plist.xml; path = Info.plist; sourceTree = "<group>"; };
		7B99C462216F23AF0025D6ED /* Assets.xcassets */ = {isa = PBXFileReference; lastKnownFileType = folder.assetcatalog; path = Assets.xcassets; sourceTree = "<group>"; };
		7B99C46E216F2EEA0025D6ED /* HUDViewController.swift */ = {isa = PBXFileReference; lastKnownFileType = sourcecode.swift; path = HUDViewController.swift; sourceTree = "<group>"; };
		7B99C470216F3C0A0025D6ED /* CommandOutputStreamer.swift */ = {isa = PBXFileReference; lastKnownFileType = sourcecode.swift; path = CommandOutputStreamer.swift; sourceTree = "<group>"; };
		7B99C47221712A8D0025D6ED /* HUDView.swift */ = {isa = PBXFileReference; lastKnownFileType = sourcecode.swift; path = HUDView.swift; sourceTree = "<group>"; };
		7B99C47821713C940025D6ED /* HUDSearchField.swift */ = {isa = PBXFileReference; lastKnownFileType = sourcecode.swift; path = HUDSearchField.swift; sourceTree = "<group>"; };
		7B99C47A21713E850025D6ED /* HUDTableView.swift */ = {isa = PBXFileReference; lastKnownFileType = sourcecode.swift; path = HUDTableView.swift; sourceTree = "<group>"; };
		7B99C47C2171458E0025D6ED /* HUDWindow.swift */ = {isa = PBXFileReference; lastKnownFileType = sourcecode.swift; path = HUDWindow.swift; sourceTree = "<group>"; };
		7B99C47E217157EF0025D6ED /* HotKey.swift */ = {isa = PBXFileReference; lastKnownFileType = sourcecode.swift; path = HotKey.swift; sourceTree = "<group>"; };
/* End PBXFileReference section */

/* Begin PBXFrameworksBuildPhase section */
		7B99C42D216F21310025D6ED /* Frameworks */ = {
			isa = PBXFrameworksBuildPhase;
			buildActionMask = 2147483647;
			files = (
			);
			runOnlyForDeploymentPostprocessing = 0;
		};
		7B99C43F216F21340025D6ED /* Frameworks */ = {
			isa = PBXFrameworksBuildPhase;
			buildActionMask = 2147483647;
			files = (
			);
			runOnlyForDeploymentPostprocessing = 0;
		};
		7B99C44A216F21340025D6ED /* Frameworks */ = {
			isa = PBXFrameworksBuildPhase;
			buildActionMask = 2147483647;
			files = (
			);
			runOnlyForDeploymentPostprocessing = 0;
		};
/* End PBXFrameworksBuildPhase section */

/* Begin PBXGroup section */
		7B99C427216F21310025D6ED = {
			isa = PBXGroup;
			children = (
				7B99C432216F21310025D6ED /* PassHUD */,
				7B99C445216F21340025D6ED /* PassHUDTests */,
				7B99C450216F21340025D6ED /* PassHUDUITests */,
				7B99C431216F21310025D6ED /* Products */,
			);
			sourceTree = "<group>";
		};
		7B99C431216F21310025D6ED /* Products */ = {
			isa = PBXGroup;
			children = (
				7B99C430216F21310025D6ED /* PassHUD.app */,
				7B99C442216F21340025D6ED /* PassHUDTests.xctest */,
				7B99C44D216F21340025D6ED /* PassHUDUITests.xctest */,
			);
			name = Products;
			sourceTree = "<group>";
		};
		7B99C432216F21310025D6ED /* PassHUD */ = {
			isa = PBXGroup;
			children = (
				7B99C462216F23AF0025D6ED /* Assets.xcassets */,
				7B99C439216F21340025D6ED /* Main.storyboard */,
				7B99C433216F21310025D6ED /* AppDelegate.swift */,
				7B6BCF8F2183BDA5001417BC /* LRUCache.swift */,
				7B99C47E217157EF0025D6ED /* HotKey.swift */,
				7B99C47C2171458E0025D6ED /* HUDWindow.swift */,
				7B99C46E216F2EEA0025D6ED /* HUDViewController.swift */,
				7B99C47221712A8D0025D6ED /* HUDView.swift */,
				7B99C47A21713E850025D6ED /* HUDTableView.swift */,
				7B19F82B2183D61C00FD76EF /* HUDTableCellView.swift */,
				7B99C47821713C940025D6ED /* HUDSearchField.swift */,
				7B99C470216F3C0A0025D6ED /* CommandOutputStreamer.swift */,
				7B99C43C216F21340025D6ED /* Info.plist */,
				7B99C43D216F21340025D6ED /* PassHUD.entitlements */,
			);
			path = PassHUD;
			sourceTree = "<group>";
		};
		7B99C445216F21340025D6ED /* PassHUDTests */ = {
			isa = PBXGroup;
			children = (
				7B99C446216F21340025D6ED /* PassHUDTests.swift */,
				7B99C448216F21340025D6ED /* Info.plist */,
			);
			path = PassHUDTests;
			sourceTree = "<group>";
		};
		7B99C450216F21340025D6ED /* PassHUDUITests */ = {
			isa = PBXGroup;
			children = (
				7B99C451216F21340025D6ED /* PaddHUDUITests.swift */,
				7B99C453216F21340025D6ED /* Info.plist */,
			);
			path = PassHUDUITests;
			sourceTree = "<group>";
		};
/* End PBXGroup section */

/* Begin PBXNativeTarget section */
		7B99C42F216F21310025D6ED /* PassHUD */ = {
			isa = PBXNativeTarget;
			buildConfigurationList = 7B99C456216F21340025D6ED /* Build configuration list for PBXNativeTarget "PassHUD" */;
			buildPhases = (
				7B99C42C216F21310025D6ED /* Sources */,
				7B99C42D216F21310025D6ED /* Frameworks */,
				7B99C42E216F21310025D6ED /* Resources */,
			);
			buildRules = (
			);
			dependencies = (
			);
			name = PassHUD;
			productName = PassHUD;
			productReference = 7B99C430216F21310025D6ED /* PassHUD.app */;
			productType = "com.apple.product-type.application";
		};
		7B99C441216F21340025D6ED /* PassHUDTests */ = {
			isa = PBXNativeTarget;
			buildConfigurationList = 7B99C459216F21340025D6ED /* Build configuration list for PBXNativeTarget "PassHUDTests" */;
			buildPhases = (
				7B99C43E216F21340025D6ED /* Sources */,
				7B99C43F216F21340025D6ED /* Frameworks */,
				7B99C440216F21340025D6ED /* Resources */,
			);
			buildRules = (
			);
			dependencies = (
				7B99C444216F21340025D6ED /* PBXTargetDependency */,
			);
			name = PassHUDTests;
			productName = PassHUDTests;
			productReference = 7B99C442216F21340025D6ED /* PassHUDTests.xctest */;
			productType = "com.apple.product-type.bundle.unit-test";
		};
		7B99C44C216F21340025D6ED /* PassHUDUITests */ = {
			isa = PBXNativeTarget;
			buildConfigurationList = 7B99C45C216F21340025D6ED /* Build configuration list for PBXNativeTarget "PassHUDUITests" */;
			buildPhases = (
				7B99C449216F21340025D6ED /* Sources */,
				7B99C44A216F21340025D6ED /* Frameworks */,
				7B99C44B216F21340025D6ED /* Resources */,
			);
			buildRules = (
			);
			dependencies = (
				7B99C44F216F21340025D6ED /* PBXTargetDependency */,
			);
			name = PassHUDUITests;
			productName = PassHUDUITests;
			productReference = 7B99C44D216F21340025D6ED /* PassHUDUITests.xctest */;
			productType = "com.apple.product-type.bundle.ui-testing";
		};
/* End PBXNativeTarget section */

/* Begin PBXProject section */
		7B99C428216F21310025D6ED /* Project object */ = {
			isa = PBXProject;
			attributes = {
				LastSwiftUpdateCheck = 1000;
				LastUpgradeCheck = 1000;
				ORGANIZATIONNAME = mnussbaum;
				TargetAttributes = {
					7B99C42F216F21310025D6ED = {
						CreatedOnToolsVersion = 10.0;
					};
					7B99C441216F21340025D6ED = {
						CreatedOnToolsVersion = 10.0;
						TestTargetID = 7B99C42F216F21310025D6ED;
					};
					7B99C44C216F21340025D6ED = {
						CreatedOnToolsVersion = 10.0;
						TestTargetID = 7B99C42F216F21310025D6ED;
					};
				};
			};
			buildConfigurationList = 7B99C42B216F21310025D6ED /* Build configuration list for PBXProject "PassHUD" */;
			compatibilityVersion = "Xcode 9.3";
			developmentRegion = en;
			hasScannedForEncodings = 0;
			knownRegions = (
				en,
				Base,
			);
			mainGroup = 7B99C427216F21310025D6ED;
			productRefGroup = 7B99C431216F21310025D6ED /* Products */;
			projectDirPath = "";
			projectRoot = "";
			targets = (
				7B99C42F216F21310025D6ED /* PassHUD */,
				7B99C441216F21340025D6ED /* PassHUDTests */,
				7B99C44C216F21340025D6ED /* PassHUDUITests */,
			);
		};
/* End PBXProject section */

/* Begin PBXResourcesBuildPhase section */
		7B99C42E216F21310025D6ED /* Resources */ = {
			isa = PBXResourcesBuildPhase;
			buildActionMask = 2147483647;
			files = (
				7B99C463216F23AF0025D6ED /* Assets.xcassets in Resources */,
				7B99C43B216F21340025D6ED /* Main.storyboard in Resources */,
			);
			runOnlyForDeploymentPostprocessing = 0;
		};
		7B99C440216F21340025D6ED /* Resources */ = {
			isa = PBXResourcesBuildPhase;
			buildActionMask = 2147483647;
			files = (
			);
			runOnlyForDeploymentPostprocessing = 0;
		};
		7B99C44B216F21340025D6ED /* Resources */ = {
			isa = PBXResourcesBuildPhase;
			buildActionMask = 2147483647;
			files = (
			);
			runOnlyForDeploymentPostprocessing = 0;
		};
/* End PBXResourcesBuildPhase section */

/* Begin PBXSourcesBuildPhase section */
		7B99C42C216F21310025D6ED /* Sources */ = {
			isa = PBXSourcesBuildPhase;
			buildActionMask = 2147483647;
			files = (
				7B99C47321712A8D0025D6ED /* HUDView.swift in Sources */,
				7B99C471216F3C0A0025D6ED /* CommandOutputStreamer.swift in Sources */,
				7B99C46F216F2EEA0025D6ED /* HUDViewController.swift in Sources */,
				7B6BCF902183BDA5001417BC /* LRUCache.swift in Sources */,
				7B99C47F217157EF0025D6ED /* HotKey.swift in Sources */,
				7B19F82D2183D61C00FD76EF /* HUDTableCellView.swift in Sources */,
				7B99C47D2171458E0025D6ED /* HUDWindow.swift in Sources */,
				7B99C47921713C940025D6ED /* HUDSearchField.swift in Sources */,
				7B99C47B21713E850025D6ED /* HUDTableView.swift in Sources */,
				7B99C434216F21310025D6ED /* AppDelegate.swift in Sources */,
			);
			runOnlyForDeploymentPostprocessing = 0;
		};
		7B99C43E216F21340025D6ED /* Sources */ = {
			isa = PBXSourcesBuildPhase;
			buildActionMask = 2147483647;
			files = (
				7B99C447216F21340025D6ED /* PassHUDTests.swift in Sources */,
			);
			runOnlyForDeploymentPostprocessing = 0;
		};
		7B99C449216F21340025D6ED /* Sources */ = {
			isa = PBXSourcesBuildPhase;
			buildActionMask = 2147483647;
			files = (
				7B99C452216F21340025D6ED /* PaddHUDUITests.swift in Sources */,
			);
			runOnlyForDeploymentPostprocessing = 0;
		};
/* End PBXSourcesBuildPhase section */

/* Begin PBXTargetDependency section */
		7B99C444216F21340025D6ED /* PBXTargetDependency */ = {
			isa = PBXTargetDependency;
			target = 7B99C42F216F21310025D6ED /* PassHUD */;
			targetProxy = 7B99C443216F21340025D6ED /* PBXContainerItemProxy */;
		};
		7B99C44F216F21340025D6ED /* PBXTargetDependency */ = {
			isa = PBXTargetDependency;
			target = 7B99C42F216F21310025D6ED /* PassHUD */;
			targetProxy = 7B99C44E216F21340025D6ED /* PBXContainerItemProxy */;
		};
/* End PBXTargetDependency section */

/* Begin PBXVariantGroup section */
		7B99C439216F21340025D6ED /* Main.storyboard */ = {
			isa = PBXVariantGroup;
			children = (
				7B99C43A216F21340025D6ED /* Base */,
			);
			name = Main.storyboard;
			sourceTree = "<group>";
		};
/* End PBXVariantGroup section */

/* Begin XCBuildConfiguration section */
		7B99C454216F21340025D6ED /* Debug */ = {
			isa = XCBuildConfiguration;
			buildSettings = {
				ALWAYS_SEARCH_USER_PATHS = NO;
				CLANG_ANALYZER_NONNULL = YES;
				CLANG_ANALYZER_NUMBER_OBJECT_CONVERSION = YES_AGGRESSIVE;
				CLANG_CXX_LANGUAGE_STANDARD = "gnu++14";
				CLANG_CXX_LIBRARY = "libc++";
				CLANG_ENABLE_MODULES = YES;
				CLANG_ENABLE_OBJC_ARC = YES;
				CLANG_ENABLE_OBJC_WEAK = YES;
				CLANG_WARN_BLOCK_CAPTURE_AUTORELEASING = YES;
				CLANG_WARN_BOOL_CONVERSION = YES;
				CLANG_WARN_COMMA = YES;
				CLANG_WARN_CONSTANT_CONVERSION = YES;
				CLANG_WARN_DEPRECATED_OBJC_IMPLEMENTATIONS = YES;
				CLANG_WARN_DIRECT_OBJC_ISA_USAGE = YES_ERROR;
				CLANG_WARN_DOCUMENTATION_COMMENTS = YES;
				CLANG_WARN_EMPTY_BODY = YES;
				CLANG_WARN_ENUM_CONVERSION = YES;
				CLANG_WARN_INFINITE_RECURSION = YES;
				CLANG_WARN_INT_CONVERSION = YES;
				CLANG_WARN_NON_LITERAL_NULL_CONVERSION = YES;
				CLANG_WARN_OBJC_IMPLICIT_RETAIN_SELF = YES;
				CLANG_WARN_OBJC_LITERAL_CONVERSION = YES;
				CLANG_WARN_OBJC_ROOT_CLASS = YES_ERROR;
				CLANG_WARN_RANGE_LOOP_ANALYSIS = YES;
				CLANG_WARN_STRICT_PROTOTYPES = YES;
				CLANG_WARN_SUSPICIOUS_MOVE = YES;
				CLANG_WARN_UNGUARDED_AVAILABILITY = YES_AGGRESSIVE;
				CLANG_WARN_UNREACHABLE_CODE = YES;
				CLANG_WARN__DUPLICATE_METHOD_MATCH = YES;
				CODE_SIGN_IDENTITY = "-";
				COPY_PHASE_STRIP = NO;
				DEBUG_INFORMATION_FORMAT = dwarf;
				ENABLE_STRICT_OBJC_MSGSEND = YES;
				ENABLE_TESTABILITY = YES;
				GCC_C_LANGUAGE_STANDARD = gnu11;
				GCC_DYNAMIC_NO_PIC = NO;
				GCC_NO_COMMON_BLOCKS = YES;
				GCC_OPTIMIZATION_LEVEL = 0;
				GCC_PREPROCESSOR_DEFINITIONS = (
					"DEBUG=1",
					"$(inherited)",
				);
				GCC_WARN_64_TO_32_BIT_CONVERSION = YES;
				GCC_WARN_ABOUT_RETURN_TYPE = YES_ERROR;
				GCC_WARN_UNDECLARED_SELECTOR = YES;
				GCC_WARN_UNINITIALIZED_AUTOS = YES_AGGRESSIVE;
				GCC_WARN_UNUSED_FUNCTION = YES;
				GCC_WARN_UNUSED_VARIABLE = YES;
				MACOSX_DEPLOYMENT_TARGET = 10.13;
				MTL_ENABLE_DEBUG_INFO = INCLUDE_SOURCE;
				MTL_FAST_MATH = YES;
				ONLY_ACTIVE_ARCH = YES;
				SDKROOT = macosx;
				SWIFT_ACTIVE_COMPILATION_CONDITIONS = DEBUG;
				SWIFT_OPTIMIZATION_LEVEL = "-Onone";
			};
			name = Debug;
		};
		7B99C455216F21340025D6ED /* Release */ = {
			isa = XCBuildConfiguration;
			buildSettings = {
				ALWAYS_SEARCH_USER_PATHS = NO;
				CLANG_ANALYZER_NONNULL = YES;
				CLANG_ANALYZER_NUMBER_OBJECT_CONVERSION = YES_AGGRESSIVE;
				CLANG_CXX_LANGUAGE_STANDARD = "gnu++14";
				CLANG_CXX_LIBRARY = "libc++";
				CLANG_ENABLE_MODULES = YES;
				CLANG_ENABLE_OBJC_ARC = YES;
				CLANG_ENABLE_OBJC_WEAK = YES;
				CLANG_WARN_BLOCK_CAPTURE_AUTORELEASING = YES;
				CLANG_WARN_BOOL_CONVERSION = YES;
				CLANG_WARN_COMMA = YES;
				CLANG_WARN_CONSTANT_CONVERSION = YES;
				CLANG_WARN_DEPRECATED_OBJC_IMPLEMENTATIONS = YES;
				CLANG_WARN_DIRECT_OBJC_ISA_USAGE = YES_ERROR;
				CLANG_WARN_DOCUMENTATION_COMMENTS = YES;
				CLANG_WARN_EMPTY_BODY = YES;
				CLANG_WARN_ENUM_CONVERSION = YES;
				CLANG_WARN_INFINITE_RECURSION = YES;
				CLANG_WARN_INT_CONVERSION = YES;
				CLANG_WARN_NON_LITERAL_NULL_CONVERSION = YES;
				CLANG_WARN_OBJC_IMPLICIT_RETAIN_SELF = YES;
				CLANG_WARN_OBJC_LITERAL_CONVERSION = YES;
				CLANG_WARN_OBJC_ROOT_CLASS = YES_ERROR;
				CLANG_WARN_RANGE_LOOP_ANALYSIS = YES;
				CLANG_WARN_STRICT_PROTOTYPES = YES;
				CLANG_WARN_SUSPICIOUS_MOVE = YES;
				CLANG_WARN_UNGUARDED_AVAILABILITY = YES_AGGRESSIVE;
				CLANG_WARN_UNREACHABLE_CODE = YES;
				CLANG_WARN__DUPLICATE_METHOD_MATCH = YES;
				CODE_SIGN_IDENTITY = "-";
				COPY_PHASE_STRIP = NO;
				DEBUG_INFORMATION_FORMAT = "dwarf-with-dsym";
				ENABLE_NS_ASSERTIONS = NO;
				ENABLE_STRICT_OBJC_MSGSEND = YES;
				GCC_C_LANGUAGE_STANDARD = gnu11;
				GCC_NO_COMMON_BLOCKS = YES;
				GCC_WARN_64_TO_32_BIT_CONVERSION = YES;
				GCC_WARN_ABOUT_RETURN_TYPE = YES_ERROR;
				GCC_WARN_UNDECLARED_SELECTOR = YES;
				GCC_WARN_UNINITIALIZED_AUTOS = YES_AGGRESSIVE;
				GCC_WARN_UNUSED_FUNCTION = YES;
				GCC_WARN_UNUSED_VARIABLE = YES;
				MACOSX_DEPLOYMENT_TARGET = 10.13;
				MTL_ENABLE_DEBUG_INFO = NO;
				MTL_FAST_MATH = YES;
				SDKROOT = macosx;
				SWIFT_COMPILATION_MODE = wholemodule;
				SWIFT_OPTIMIZATION_LEVEL = "-O";
			};
			name = Release;
		};
		7B99C457216F21340025D6ED /* Debug */ = {
			isa = XCBuildConfiguration;
			buildSettings = {
				ASSETCATALOG_COMPILER_APPICON_NAME = AppIcon;
				CODE_SIGN_ENTITLEMENTS = PassHUD/PassHUD.entitlements;
				CODE_SIGN_STYLE = Automatic;
				COMBINE_HIDPI_IMAGES = YES;
				INFOPLIST_FILE = PassHUD/Info.plist;
				LD_RUNPATH_SEARCH_PATHS = (
					"$(inherited)",
					"@executable_path/../Frameworks",
				);
				PRODUCT_BUNDLE_IDENTIFIER = mnussbaum.PassHUD;
				PRODUCT_NAME = "$(TARGET_NAME)";
				SWIFT_VERSION = 4.2;
			};
			name = Debug;
		};
		7B99C458216F21340025D6ED /* Release */ = {
			isa = XCBuildConfiguration;
			buildSettings = {
				ASSETCATALOG_COMPILER_APPICON_NAME = AppIcon;
				CODE_SIGN_ENTITLEMENTS = PassHUD/PassHUD.entitlements;
				CODE_SIGN_STYLE = Automatic;
				COMBINE_HIDPI_IMAGES = YES;
				INFOPLIST_FILE = PassHUD/Info.plist;
				LD_RUNPATH_SEARCH_PATHS = (
					"$(inherited)",
					"@executable_path/../Frameworks",
				);
				PRODUCT_BUNDLE_IDENTIFIER = mnussbaum.PassHUD;
				PRODUCT_NAME = "$(TARGET_NAME)";
				SWIFT_VERSION = 4.2;
			};
			name = Release;
		};
		7B99C45A216F21340025D6ED /* Debug */ = {
			isa = XCBuildConfiguration;
			buildSettings = {
				ALWAYS_EMBED_SWIFT_STANDARD_LIBRARIES = YES;
				BUNDLE_LOADER = "$(TEST_HOST)";
				CODE_SIGN_STYLE = Automatic;
				COMBINE_HIDPI_IMAGES = YES;
				INFOPLIST_FILE = PassHUDTests/Info.plist;
				LD_RUNPATH_SEARCH_PATHS = (
					"$(inherited)",
					"@executable_path/../Frameworks",
					"@loader_path/../Frameworks",
				);
				PRODUCT_BUNDLE_IDENTIFIER = mnussbaum.PassHUDTests;
				PRODUCT_NAME = "$(TARGET_NAME)";
				SWIFT_VERSION = 4.2;
				TEST_HOST = "$(BUILT_PRODUCTS_DIR)/PassHUD.temp_caseinsensitive_rename.app/Contents/MacOS/PassHUD.temp_caseinsensitive_rename";
			};
			name = Debug;
		};
		7B99C45B216F21340025D6ED /* Release */ = {
			isa = XCBuildConfiguration;
			buildSettings = {
				ALWAYS_EMBED_SWIFT_STANDARD_LIBRARIES = YES;
				BUNDLE_LOADER = "$(TEST_HOST)";
				CODE_SIGN_STYLE = Automatic;
				COMBINE_HIDPI_IMAGES = YES;
				INFOPLIST_FILE = PassHUDTests/Info.plist;
				LD_RUNPATH_SEARCH_PATHS = (
					"$(inherited)",
					"@executable_path/../Frameworks",
					"@loader_path/../Frameworks",
				);
				PRODUCT_BUNDLE_IDENTIFIER = mnussbaum.PassHUDTests;
				PRODUCT_NAME = "$(TARGET_NAME)";
				SWIFT_VERSION = 4.2;
				TEST_HOST = "$(BUILT_PRODUCTS_DIR)/PassHUD.temp_caseinsensitive_rename.app/Contents/MacOS/PassHUD.temp_caseinsensitive_rename";
			};
			name = Release;
		};
		7B99C45D216F21340025D6ED /* Debug */ = {
			isa = XCBuildConfiguration;
			buildSettings = {
				ALWAYS_EMBED_SWIFT_STANDARD_LIBRARIES = YES;
				CODE_SIGN_STYLE = Automatic;
				COMBINE_HIDPI_IMAGES = YES;
				INFOPLIST_FILE = PassHUDUITests/Info.plist;
				LD_RUNPATH_SEARCH_PATHS = (
					"$(inherited)",
					"@executable_path/../Frameworks",
					"@loader_path/../Frameworks",
				);
				PRODUCT_BUNDLE_IDENTIFIER = mnussbaum.PassHUDUITests;
				PRODUCT_NAME = "$(TARGET_NAME)";
				SWIFT_VERSION = 4.2;
				TEST_TARGET_NAME = PassHUD;
			};
			name = Debug;
		};
		7B99C45E216F21340025D6ED /* Release */ = {
			isa = XCBuildConfiguration;
			buildSettings = {
				ALWAYS_EMBED_SWIFT_STANDARD_LIBRARIES = YES;
				CODE_SIGN_STYLE = Automatic;
				COMBINE_HIDPI_IMAGES = YES;
				INFOPLIST_FILE = PassHUDUITests/Info.plist;
				LD_RUNPATH_SEARCH_PATHS = (
					"$(inherited)",
					"@executable_path/../Frameworks",
					"@loader_path/../Frameworks",
				);
				PRODUCT_BUNDLE_IDENTIFIER = mnussbaum.PassHUDUITests;
				PRODUCT_NAME = "$(TARGET_NAME)";
				SWIFT_VERSION = 4.2;
				TEST_TARGET_NAME = PassHUD;
			};
			name = Release;
		};
/* End XCBuildConfiguration section */

/* Begin XCConfigurationList section */
		7B99C42B216F21310025D6ED /* Build configuration list for PBXProject "PassHUD" */ = {
			isa = XCConfigurationList;
			buildConfigurations = (
				7B99C454216F21340025D6ED /* Debug */,
				7B99C455216F21340025D6ED /* Release */,
			);
			defaultConfigurationIsVisible = 0;
			defaultConfigurationName = Release;
		};
		7B99C456216F21340025D6ED /* Build configuration list for PBXNativeTarget "PassHUD" */ = {
			isa = XCConfigurationList;
			buildConfigurations = (
				7B99C457216F21340025D6ED /* Debug */,
				7B99C458216F21340025D6ED /* Release */,
			);
			defaultConfigurationIsVisible = 0;
			defaultConfigurationName = Release;
		};
		7B99C459216F21340025D6ED /* Build configuration list for PBXNativeTarget "PassHUDTests" */ = {
			isa = XCConfigurationList;
			buildConfigurations = (
				7B99C45A216F21340025D6ED /* Debug */,
				7B99C45B216F21340025D6ED /* Release */,
			);
			defaultConfigurationIsVisible = 0;
			defaultConfigurationName = Release;
		};
		7B99C45C216F21340025D6ED /* Build configuration list for PBXNativeTarget "PassHUDUITests" */ = {
			isa = XCConfigurationList;
			buildConfigurations = (
				7B99C45D216F21340025D6ED /* Debug */,
				7B99C45E216F21340025D6ED /* Release */,
			);
			defaultConfigurationIsVisible = 0;
			defaultConfigurationName = Release;
		};
/* End XCConfigurationList section */
	};
	rootObject = 7B99C428216F21310025D6ED /* Project object */;
}
